// !$*UTF8*$!
{
	archiveVersion = 1;
	classes = {
	};
	objectVersion = 56;
	objects = {

/* Begin PBXBuildFile section */
		5841D3BB2919077D00AEA726 /* AppDelegate.swift in Sources */ = {isa = PBXBuildFile; fileRef = 5841D3BA2919077D00AEA726 /* AppDelegate.swift */; };
		5841D3BD2919077D00AEA726 /* SceneDelegate.swift in Sources */ = {isa = PBXBuildFile; fileRef = 5841D3BC2919077D00AEA726 /* SceneDelegate.swift */; };
		5841D3BF2919077D00AEA726 /* MainViewController.swift in Sources */ = {isa = PBXBuildFile; fileRef = 5841D3BE2919077D00AEA726 /* MainViewController.swift */; };
		5841D3C22919077D00AEA726 /* MainViewController.storyboard in Resources */ = {isa = PBXBuildFile; fileRef = 5841D3C02919077D00AEA726 /* MainViewController.storyboard */; };
		5841D3C42919077F00AEA726 /* Assets.xcassets in Resources */ = {isa = PBXBuildFile; fileRef = 5841D3C32919077F00AEA726 /* Assets.xcassets */; };
		5841D3C72919077F00AEA726 /* LaunchScreen.storyboard in Resources */ = {isa = PBXBuildFile; fileRef = 5841D3C52919077F00AEA726 /* LaunchScreen.storyboard */; };
		586CCBC4291A989F008FF048 /* VideoTableViewCell.swift in Sources */ = {isa = PBXBuildFile; fileRef = 586CCBC2291A989F008FF048 /* VideoTableViewCell.swift */; };
		5887AF3B291AAFE8003C75F7 /* SegmetedControl.swift in Sources */ = {isa = PBXBuildFile; fileRef = 5887AF3A291AAFE8003C75F7 /* SegmetedControl.swift */; };
		5887AF3D291ABAD4003C75F7 /* GoogleService-Info.plist in Resources */ = {isa = PBXBuildFile; fileRef = 5887AF3C291ABAD4003C75F7 /* GoogleService-Info.plist */; };
		5887AF48291AF250003C75F7 /* FirebaseAnalytics in Frameworks */ = {isa = PBXBuildFile; productRef = 5887AF47291AF250003C75F7 /* FirebaseAnalytics */; };
		5887AF4A291AF250003C75F7 /* FirebaseDatabase in Frameworks */ = {isa = PBXBuildFile; productRef = 5887AF49291AF250003C75F7 /* FirebaseDatabase */; };
		5887AF4C291AF250003C75F7 /* FirebaseFirestore in Frameworks */ = {isa = PBXBuildFile; productRef = 5887AF4B291AF250003C75F7 /* FirebaseFirestore */; };
		5887AF4E291AF281003C75F7 /* VideoModel.swift in Sources */ = {isa = PBXBuildFile; fileRef = 5887AF4D291AF281003C75F7 /* VideoModel.swift */; };
		5887AF51291BA74F003C75F7 /* SDWebImage in Frameworks */ = {isa = PBXBuildFile; productRef = 5887AF50291BA74F003C75F7 /* SDWebImage */; };
		5887AF53291BA78F003C75F7 /* UIView+Extensions.swift in Sources */ = {isa = PBXBuildFile; fileRef = 5887AF52291BA78E003C75F7 /* UIView+Extensions.swift */; };
		5887AF55291BACA4003C75F7 /* AudioPlayerManager.swift in Sources */ = {isa = PBXBuildFile; fileRef = 5887AF54291BACA4003C75F7 /* AudioPlayerManager.swift */; };
		5887AF57291BDB56003C75F7 /* UIViewController+Extensions.swift in Sources */ = {isa = PBXBuildFile; fileRef = 5887AF56291BDB56003C75F7 /* UIViewController+Extensions.swift */; };
		5887AF59291BDB62003C75F7 /* CustomError.swift in Sources */ = {isa = PBXBuildFile; fileRef = 5887AF58291BDB62003C75F7 /* CustomError.swift */; };
		5887AF5B291BDBAE003C75F7 /* Constants.swift in Sources */ = {isa = PBXBuildFile; fileRef = 5887AF5A291BDBAE003C75F7 /* Constants.swift */; };
		5887AF5E291BDE15003C75F7 /* EditProfileViewController.swift in Sources */ = {isa = PBXBuildFile; fileRef = 5887AF5C291BDE15003C75F7 /* EditProfileViewController.swift */; };
		5887AF5F291BDE15003C75F7 /* EditProfileViewController.xib in Resources */ = {isa = PBXBuildFile; fileRef = 5887AF5D291BDE15003C75F7 /* EditProfileViewController.xib */; };
		5887AF61291BEABF003C75F7 /* FirebaseManager.swift in Sources */ = {isa = PBXBuildFile; fileRef = 5887AF60291BEABF003C75F7 /* FirebaseManager.swift */; };
		5887AF64291BF10F003C75F7 /* VideoPostViewModel.swift in Sources */ = {isa = PBXBuildFile; fileRef = 5887AF63291BF10F003C75F7 /* VideoPostViewModel.swift */; };
		5887AF67291C1909003C75F7 /* SnapKit in Frameworks */ = {isa = PBXBuildFile; productRef = 5887AF66291C1909003C75F7 /* SnapKit */; };
		5887AF69291C7E1F003C75F7 /* UsersModel.swift in Sources */ = {isa = PBXBuildFile; fileRef = 5887AF68291C7E1F003C75F7 /* UsersModel.swift */; };
		58998D68291DE3EC00C532B0 /*  FetchDataFromRealm.swift in Sources */ = {isa = PBXBuildFile; fileRef = 58998D67291DE3EC00C532B0 /*  FetchDataFromRealm.swift */; };
		58998D6E291E0FAC00C532B0 /* ProgressHUD in Frameworks */ = {isa = PBXBuildFile; productRef = 58998D6D291E0FAC00C532B0 /* ProgressHUD */; };
		58AF1E4C291D010500B54C69 /* ColorAssets.xcassets in Resources */ = {isa = PBXBuildFile; fileRef = 58AF1E4B291D010500B54C69 /* ColorAssets.xcassets */; };
		58AF1E4F291D4FE100B54C69 /* IQKeyboardManagerSwift in Frameworks */ = {isa = PBXBuildFile; productRef = 58AF1E4E291D4FE100B54C69 /* IQKeyboardManagerSwift */; };
		58AF1E52291DC84300B54C69 /* PersistenceProtocol.swift in Sources */ = {isa = PBXBuildFile; fileRef = 58AF1E51291DC84300B54C69 /* PersistenceProtocol.swift */; };
		58AF1E55291DC8B100B54C69 /* RealmSwift in Frameworks */ = {isa = PBXBuildFile; productRef = 58AF1E54291DC8B100B54C69 /* RealmSwift */; };
		58AF1E57291DC8ED00B54C69 /* PersistedObject.swift in Sources */ = {isa = PBXBuildFile; fileRef = 58AF1E56291DC8ED00B54C69 /* PersistedObject.swift */; };
		58AF1E59291DC98A00B54C69 /* PersistenceStore.swift in Sources */ = {isa = PBXBuildFile; fileRef = 58AF1E58291DC98A00B54C69 /* PersistenceStore.swift */; };
/* End PBXBuildFile section */

/* Begin PBXFileReference section */
		5841D3B72919077D00AEA726 /* VideoStream.app */ = {isa = PBXFileReference; explicitFileType = wrapper.application; includeInIndex = 0; path = VideoStream.app; sourceTree = BUILT_PRODUCTS_DIR; };
		5841D3BA2919077D00AEA726 /* AppDelegate.swift */ = {isa = PBXFileReference; lastKnownFileType = sourcecode.swift; path = AppDelegate.swift; sourceTree = "<group>"; };
		5841D3BC2919077D00AEA726 /* SceneDelegate.swift */ = {isa = PBXFileReference; lastKnownFileType = sourcecode.swift; path = SceneDelegate.swift; sourceTree = "<group>"; };
		5841D3BE2919077D00AEA726 /* MainViewController.swift */ = {isa = PBXFileReference; lastKnownFileType = sourcecode.swift; path = MainViewController.swift; sourceTree = "<group>"; };
		5841D3C12919077D00AEA726 /* Base */ = {isa = PBXFileReference; lastKnownFileType = file.storyboard; name = Base; path = Base.lproj/MainViewController.storyboard; sourceTree = "<group>"; };
		5841D3C32919077F00AEA726 /* Assets.xcassets */ = {isa = PBXFileReference; lastKnownFileType = folder.assetcatalog; path = Assets.xcassets; sourceTree = "<group>"; };
		5841D3C62919077F00AEA726 /* Base */ = {isa = PBXFileReference; lastKnownFileType = file.storyboard; name = Base; path = Base.lproj/LaunchScreen.storyboard; sourceTree = "<group>"; };
		5841D3C82919077F00AEA726 /* Info.plist */ = {isa = PBXFileReference; lastKnownFileType = text.plist.xml; path = Info.plist; sourceTree = "<group>"; };
		586CCBC2291A989F008FF048 /* VideoTableViewCell.swift */ = {isa = PBXFileReference; lastKnownFileType = sourcecode.swift; path = VideoTableViewCell.swift; sourceTree = "<group>"; };
		5887AF3A291AAFE8003C75F7 /* SegmetedControl.swift */ = {isa = PBXFileReference; lastKnownFileType = sourcecode.swift; path = SegmetedControl.swift; sourceTree = "<group>"; };
		5887AF3C291ABAD4003C75F7 /* GoogleService-Info.plist */ = {isa = PBXFileReference; fileEncoding = 4; lastKnownFileType = text.plist.xml; name = "GoogleService-Info.plist"; path = "../../../../../Downloads/GoogleService-Info.plist"; sourceTree = "<group>"; };
		5887AF4D291AF281003C75F7 /* VideoModel.swift */ = {isa = PBXFileReference; lastKnownFileType = sourcecode.swift; path = VideoModel.swift; sourceTree = "<group>"; };
		5887AF52291BA78E003C75F7 /* UIView+Extensions.swift */ = {isa = PBXFileReference; lastKnownFileType = sourcecode.swift; path = "UIView+Extensions.swift"; sourceTree = "<group>"; };
		5887AF54291BACA4003C75F7 /* AudioPlayerManager.swift */ = {isa = PBXFileReference; lastKnownFileType = sourcecode.swift; path = AudioPlayerManager.swift; sourceTree = "<group>"; };
		5887AF56291BDB56003C75F7 /* UIViewController+Extensions.swift */ = {isa = PBXFileReference; lastKnownFileType = sourcecode.swift; path = "UIViewController+Extensions.swift"; sourceTree = "<group>"; };
		5887AF58291BDB62003C75F7 /* CustomError.swift */ = {isa = PBXFileReference; lastKnownFileType = sourcecode.swift; path = CustomError.swift; sourceTree = "<group>"; };
		5887AF5A291BDBAE003C75F7 /* Constants.swift */ = {isa = PBXFileReference; lastKnownFileType = sourcecode.swift; path = Constants.swift; sourceTree = "<group>"; };
		5887AF5C291BDE15003C75F7 /* EditProfileViewController.swift */ = {isa = PBXFileReference; lastKnownFileType = sourcecode.swift; path = EditProfileViewController.swift; sourceTree = "<group>"; };
		5887AF5D291BDE15003C75F7 /* EditProfileViewController.xib */ = {isa = PBXFileReference; lastKnownFileType = file.xib; path = EditProfileViewController.xib; sourceTree = "<group>"; };
		5887AF60291BEABF003C75F7 /* FirebaseManager.swift */ = {isa = PBXFileReference; lastKnownFileType = sourcecode.swift; path = FirebaseManager.swift; sourceTree = "<group>"; };
		5887AF63291BF10F003C75F7 /* VideoPostViewModel.swift */ = {isa = PBXFileReference; lastKnownFileType = sourcecode.swift; path = VideoPostViewModel.swift; sourceTree = "<group>"; };
		5887AF68291C7E1F003C75F7 /* UsersModel.swift */ = {isa = PBXFileReference; lastKnownFileType = sourcecode.swift; path = UsersModel.swift; sourceTree = "<group>"; };
		58998D67291DE3EC00C532B0 /*  FetchDataFromRealm.swift */ = {isa = PBXFileReference; lastKnownFileType = sourcecode.swift; path = " FetchDataFromRealm.swift"; sourceTree = "<group>"; };
		58AF1E4B291D010500B54C69 /* ColorAssets.xcassets */ = {isa = PBXFileReference; lastKnownFileType = folder.assetcatalog; path = ColorAssets.xcassets; sourceTree = "<group>"; };
		58AF1E51291DC84300B54C69 /* PersistenceProtocol.swift */ = {isa = PBXFileReference; lastKnownFileType = sourcecode.swift; path = PersistenceProtocol.swift; sourceTree = "<group>"; };
		58AF1E56291DC8ED00B54C69 /* PersistedObject.swift */ = {isa = PBXFileReference; lastKnownFileType = sourcecode.swift; path = PersistedObject.swift; sourceTree = "<group>"; };
		58AF1E58291DC98A00B54C69 /* PersistenceStore.swift */ = {isa = PBXFileReference; lastKnownFileType = sourcecode.swift; path = PersistenceStore.swift; sourceTree = "<group>"; };
/* End PBXFileReference section */

/* Begin PBXFrameworksBuildPhase section */
		5841D3B42919077D00AEA726 /* Frameworks */ = {
			isa = PBXFrameworksBuildPhase;
			buildActionMask = 2147483647;
			files = (
				5887AF4A291AF250003C75F7 /* FirebaseDatabase in Frameworks */,
				58998D6E291E0FAC00C532B0 /* ProgressHUD in Frameworks */,
				5887AF48291AF250003C75F7 /* FirebaseAnalytics in Frameworks */,
				58AF1E55291DC8B100B54C69 /* RealmSwift in Frameworks */,
				5887AF51291BA74F003C75F7 /* SDWebImage in Frameworks */,
				5887AF4C291AF250003C75F7 /* FirebaseFirestore in Frameworks */,
				5887AF67291C1909003C75F7 /* SnapKit in Frameworks */,
				58AF1E4F291D4FE100B54C69 /* IQKeyboardManagerSwift in Frameworks */,
			);
			runOnlyForDeploymentPostprocessing = 0;
		};
/* End PBXFrameworksBuildPhase section */

/* Begin PBXGroup section */
		5841D3AE2919077D00AEA726 = {
			isa = PBXGroup;
			children = (
				5841D3B92919077D00AEA726 /* VideoStream */,
				5841D3B82919077D00AEA726 /* Products */,
			);
			sourceTree = "<group>";
		};
		5841D3B82919077D00AEA726 /* Products */ = {
			isa = PBXGroup;
			children = (
				5841D3B72919077D00AEA726 /* VideoStream.app */,
			);
			name = Products;
			sourceTree = "<group>";
		};
		5841D3B92919077D00AEA726 /* VideoStream */ = {
			isa = PBXGroup;
			children = (
				5841D3D32919423B00AEA726 /* App */,
				5841D3D5291942A900AEA726 /* Utilities */,
				5841D3D42919428B00AEA726 /* Storyboardables */,
				5841D3D22919422E00AEA726 /* View */,
				5841D3D12919422600AEA726 /* ViewModel */,
				5841D3D02919422000AEA726 /* Model */,
				5841D3C52919077F00AEA726 /* LaunchScreen.storyboard */,
				5841D3C32919077F00AEA726 /* Assets.xcassets */,
				58AF1E4B291D010500B54C69 /* ColorAssets.xcassets */,
				5841D3C82919077F00AEA726 /* Info.plist */,
				5887AF3C291ABAD4003C75F7 /* GoogleService-Info.plist */,
			);
			path = VideoStream;
			sourceTree = "<group>";
		};
		5841D3D02919422000AEA726 /* Model */ = {
			isa = PBXGroup;
			children = (
				5887AF4D291AF281003C75F7 /* VideoModel.swift */,
				5887AF68291C7E1F003C75F7 /* UsersModel.swift */,
			);
			path = Model;
			sourceTree = "<group>";
		};
		5841D3D12919422600AEA726 /* ViewModel */ = {
			isa = PBXGroup;
			children = (
				5887AF63291BF10F003C75F7 /* VideoPostViewModel.swift */,
			);
			path = ViewModel;
			sourceTree = "<group>";
		};
		5841D3D22919422E00AEA726 /* View */ = {
			isa = PBXGroup;
			children = (
				5887AF5C291BDE15003C75F7 /* EditProfileViewController.swift */,
				5887AF5D291BDE15003C75F7 /* EditProfileViewController.xib */,
				5841D3BE2919077D00AEA726 /* MainViewController.swift */,
				5841D3C02919077D00AEA726 /* MainViewController.storyboard */,
				586CCBC1291A9828008FF048 /* Cell */,
			);
			path = View;
			sourceTree = "<group>";
		};
		5841D3D32919423B00AEA726 /* App */ = {
			isa = PBXGroup;
			children = (
				5841D3BC2919077D00AEA726 /* SceneDelegate.swift */,
				5841D3BA2919077D00AEA726 /* AppDelegate.swift */,
			);
			path = App;
			sourceTree = "<group>";
		};
		5841D3D42919428B00AEA726 /* Storyboardables */ = {
			isa = PBXGroup;
			children = (
			);
			path = Storyboardables;
			sourceTree = "<group>";
		};
		5841D3D5291942A900AEA726 /* Utilities */ = {
			isa = PBXGroup;
			children = (
				58AF1E50291DC7F200B54C69 /* PersistenceStore */,
				5887AF62291BEAC6003C75F7 /* Services */,
				5887AF3A291AAFE8003C75F7 /* SegmetedControl.swift */,
				5887AF52291BA78E003C75F7 /* UIView+Extensions.swift */,
				5887AF54291BACA4003C75F7 /* AudioPlayerManager.swift */,
				5887AF56291BDB56003C75F7 /* UIViewController+Extensions.swift */,
				5887AF58291BDB62003C75F7 /* CustomError.swift */,
				5887AF5A291BDBAE003C75F7 /* Constants.swift */,
			);
			path = Utilities;
			sourceTree = "<group>";
		};
		586CCBC1291A9828008FF048 /* Cell */ = {
			isa = PBXGroup;
			children = (
				586CCBC2291A989F008FF048 /* VideoTableViewCell.swift */,
			);
			path = Cell;
			sourceTree = "<group>";
		};
		5887AF62291BEAC6003C75F7 /* Services */ = {
			isa = PBXGroup;
			children = (
				5887AF60291BEABF003C75F7 /* FirebaseManager.swift */,
			);
			path = Services;
			sourceTree = "<group>";
		};
		58AF1E50291DC7F200B54C69 /* PersistenceStore */ = {
			isa = PBXGroup;
			children = (
				58AF1E51291DC84300B54C69 /* PersistenceProtocol.swift */,
				58AF1E56291DC8ED00B54C69 /* PersistedObject.swift */,
				58AF1E58291DC98A00B54C69 /* PersistenceStore.swift */,
				58998D67291DE3EC00C532B0 /*  FetchDataFromRealm.swift */,
			);
			path = PersistenceStore;
			sourceTree = "<group>";
		};
/* End PBXGroup section */

/* Begin PBXNativeTarget section */
		5841D3B62919077D00AEA726 /* VideoStream */ = {
			isa = PBXNativeTarget;
			buildConfigurationList = 5841D3CB2919077F00AEA726 /* Build configuration list for PBXNativeTarget "VideoStream" */;
			buildPhases = (
				5841D3B32919077D00AEA726 /* Sources */,
				5841D3B42919077D00AEA726 /* Frameworks */,
				5841D3B52919077D00AEA726 /* Resources */,
			);
			buildRules = (
			);
			dependencies = (
			);
			name = VideoStream;
			packageProductDependencies = (
				5887AF47291AF250003C75F7 /* FirebaseAnalytics */,
				5887AF49291AF250003C75F7 /* FirebaseDatabase */,
				5887AF4B291AF250003C75F7 /* FirebaseFirestore */,
				5887AF50291BA74F003C75F7 /* SDWebImage */,
				5887AF66291C1909003C75F7 /* SnapKit */,
				58AF1E4E291D4FE100B54C69 /* IQKeyboardManagerSwift */,
				58AF1E54291DC8B100B54C69 /* RealmSwift */,
				58998D6D291E0FAC00C532B0 /* ProgressHUD */,
			);
			productName = VideoStream;
			productReference = 5841D3B72919077D00AEA726 /* VideoStream.app */;
			productType = "com.apple.product-type.application";
		};
/* End PBXNativeTarget section */

/* Begin PBXProject section */
		5841D3AF2919077D00AEA726 /* Project object */ = {
			isa = PBXProject;
			attributes = {
				BuildIndependentTargetsInParallel = 1;
				LastSwiftUpdateCheck = 1400;
				LastUpgradeCheck = 1400;
				TargetAttributes = {
					5841D3B62919077D00AEA726 = {
						CreatedOnToolsVersion = 14.0.1;
					};
				};
			};
			buildConfigurationList = 5841D3B22919077D00AEA726 /* Build configuration list for PBXProject "VideoStream" */;
			compatibilityVersion = "Xcode 14.0";
			developmentRegion = en;
			hasScannedForEncodings = 0;
			knownRegions = (
				en,
				Base,
			);
			mainGroup = 5841D3AE2919077D00AEA726;
			packageReferences = (
				5887AF46291AF250003C75F7 /* XCRemoteSwiftPackageReference "firebase-ios-sdk" */,
				5887AF4F291BA74F003C75F7 /* XCRemoteSwiftPackageReference "SDWebImage" */,
				5887AF65291C1909003C75F7 /* XCRemoteSwiftPackageReference "SnapKit" */,
				58AF1E4D291D4FE100B54C69 /* XCRemoteSwiftPackageReference "IQKeyboardManager" */,
				58AF1E53291DC8B100B54C69 /* XCRemoteSwiftPackageReference "realm-swift" */,
				58998D6C291E0FAC00C532B0 /* XCRemoteSwiftPackageReference "ProgressHUD" */,
			);
			productRefGroup = 5841D3B82919077D00AEA726 /* Products */;
			projectDirPath = "";
			projectRoot = "";
			targets = (
				5841D3B62919077D00AEA726 /* VideoStream */,
			);
		};
/* End PBXProject section */

/* Begin PBXResourcesBuildPhase section */
		5841D3B52919077D00AEA726 /* Resources */ = {
			isa = PBXResourcesBuildPhase;
			buildActionMask = 2147483647;
			files = (
				5841D3C72919077F00AEA726 /* LaunchScreen.storyboard in Resources */,
				5887AF5F291BDE15003C75F7 /* EditProfileViewController.xib in Resources */,
				5887AF3D291ABAD4003C75F7 /* GoogleService-Info.plist in Resources */,
				58AF1E4C291D010500B54C69 /* ColorAssets.xcassets in Resources */,
				5841D3C42919077F00AEA726 /* Assets.xcassets in Resources */,
				5841D3C22919077D00AEA726 /* MainViewController.storyboard in Resources */,
			);
			runOnlyForDeploymentPostprocessing = 0;
		};
/* End PBXResourcesBuildPhase section */

/* Begin PBXSourcesBuildPhase section */
		5841D3B32919077D00AEA726 /* Sources */ = {
			isa = PBXSourcesBuildPhase;
			buildActionMask = 2147483647;
			files = (
				5887AF5E291BDE15003C75F7 /* EditProfileViewController.swift in Sources */,
				58998D68291DE3EC00C532B0 /*  FetchDataFromRealm.swift in Sources */,
				5841D3BF2919077D00AEA726 /* MainViewController.swift in Sources */,
				5887AF61291BEABF003C75F7 /* FirebaseManager.swift in Sources */,
				58AF1E59291DC98A00B54C69 /* PersistenceStore.swift in Sources */,
				5887AF3B291AAFE8003C75F7 /* SegmetedControl.swift in Sources */,
				58AF1E57291DC8ED00B54C69 /* PersistedObject.swift in Sources */,
				5887AF57291BDB56003C75F7 /* UIViewController+Extensions.swift in Sources */,
				5841D3BB2919077D00AEA726 /* AppDelegate.swift in Sources */,
				58AF1E52291DC84300B54C69 /* PersistenceProtocol.swift in Sources */,
				5887AF4E291AF281003C75F7 /* VideoModel.swift in Sources */,
				5841D3BD2919077D00AEA726 /* SceneDelegate.swift in Sources */,
				5887AF59291BDB62003C75F7 /* CustomError.swift in Sources */,
				5887AF53291BA78F003C75F7 /* UIView+Extensions.swift in Sources */,
				5887AF55291BACA4003C75F7 /* AudioPlayerManager.swift in Sources */,
				586CCBC4291A989F008FF048 /* VideoTableViewCell.swift in Sources */,
				5887AF5B291BDBAE003C75F7 /* Constants.swift in Sources */,
				5887AF69291C7E1F003C75F7 /* UsersModel.swift in Sources */,
				5887AF64291BF10F003C75F7 /* VideoPostViewModel.swift in Sources */,
			);
			runOnlyForDeploymentPostprocessing = 0;
		};
/* End PBXSourcesBuildPhase section */

/* Begin PBXVariantGroup section */
		5841D3C02919077D00AEA726 /* MainViewController.storyboard */ = {
			isa = PBXVariantGroup;
			children = (
				5841D3C12919077D00AEA726 /* Base */,
			);
			name = MainViewController.storyboard;
			sourceTree = "<group>";
		};
		5841D3C52919077F00AEA726 /* LaunchScreen.storyboard */ = {
			isa = PBXVariantGroup;
			children = (
				5841D3C62919077F00AEA726 /* Base */,
			);
			name = LaunchScreen.storyboard;
			sourceTree = "<group>";
		};
/* End PBXVariantGroup section */

/* Begin XCBuildConfiguration section */
		5841D3C92919077F00AEA726 /* Debug */ = {
			isa = XCBuildConfiguration;
			buildSettings = {
				ALWAYS_SEARCH_USER_PATHS = NO;
				CLANG_ANALYZER_NONNULL = YES;
				CLANG_ANALYZER_NUMBER_OBJECT_CONVERSION = YES_AGGRESSIVE;
				CLANG_CXX_LANGUAGE_STANDARD = "gnu++20";
				CLANG_ENABLE_MODULES = YES;
				CLANG_ENABLE_OBJC_ARC = YES;
				CLANG_ENABLE_OBJC_WEAK = YES;
				CLANG_WARN_BLOCK_CAPTURE_AUTORELEASING = YES;
				CLANG_WARN_BOOL_CONVERSION = YES;
				CLANG_WARN_COMMA = YES;
				CLANG_WARN_CONSTANT_CONVERSION = YES;
				CLANG_WARN_DEPRECATED_OBJC_IMPLEMENTATIONS = YES;
				CLANG_WARN_DIRECT_OBJC_ISA_USAGE = YES_ERROR;
				CLANG_WARN_DOCUMENTATION_COMMENTS = YES;
				CLANG_WARN_EMPTY_BODY = YES;
				CLANG_WARN_ENUM_CONVERSION = YES;
				CLANG_WARN_INFINITE_RECURSION = YES;
				CLANG_WARN_INT_CONVERSION = YES;
				CLANG_WARN_NON_LITERAL_NULL_CONVERSION = YES;
				CLANG_WARN_OBJC_IMPLICIT_RETAIN_SELF = YES;
				CLANG_WARN_OBJC_LITERAL_CONVERSION = YES;
				CLANG_WARN_OBJC_ROOT_CLASS = YES_ERROR;
				CLANG_WARN_QUOTED_INCLUDE_IN_FRAMEWORK_HEADER = YES;
				CLANG_WARN_RANGE_LOOP_ANALYSIS = YES;
				CLANG_WARN_STRICT_PROTOTYPES = YES;
				CLANG_WARN_SUSPICIOUS_MOVE = YES;
				CLANG_WARN_UNGUARDED_AVAILABILITY = YES_AGGRESSIVE;
				CLANG_WARN_UNREACHABLE_CODE = YES;
				CLANG_WARN__DUPLICATE_METHOD_MATCH = YES;
				COPY_PHASE_STRIP = NO;
				DEBUG_INFORMATION_FORMAT = dwarf;
				ENABLE_STRICT_OBJC_MSGSEND = YES;
				ENABLE_TESTABILITY = YES;
				GCC_C_LANGUAGE_STANDARD = gnu11;
				GCC_DYNAMIC_NO_PIC = NO;
				GCC_NO_COMMON_BLOCKS = YES;
				GCC_OPTIMIZATION_LEVEL = 0;
				GCC_PREPROCESSOR_DEFINITIONS = (
					"DEBUG=1",
					"$(inherited)",
				);
				GCC_WARN_64_TO_32_BIT_CONVERSION = YES;
				GCC_WARN_ABOUT_RETURN_TYPE = YES_ERROR;
				GCC_WARN_UNDECLARED_SELECTOR = YES;
				GCC_WARN_UNINITIALIZED_AUTOS = YES_AGGRESSIVE;
				GCC_WARN_UNUSED_FUNCTION = YES;
				GCC_WARN_UNUSED_VARIABLE = YES;
				IPHONEOS_DEPLOYMENT_TARGET = 13.0;
				MTL_ENABLE_DEBUG_INFO = INCLUDE_SOURCE;
				MTL_FAST_MATH = YES;
				ONLY_ACTIVE_ARCH = YES;
				SDKROOT = iphoneos;
				SWIFT_ACTIVE_COMPILATION_CONDITIONS = DEBUG;
				SWIFT_OPTIMIZATION_LEVEL = "-Onone";
			};
			name = Debug;
		};
		5841D3CA2919077F00AEA726 /* Release */ = {
			isa = XCBuildConfiguration;
			buildSettings = {
				ALWAYS_SEARCH_USER_PATHS = NO;
				CLANG_ANALYZER_NONNULL = YES;
				CLANG_ANALYZER_NUMBER_OBJECT_CONVERSION = YES_AGGRESSIVE;
				CLANG_CXX_LANGUAGE_STANDARD = "gnu++20";
				CLANG_ENABLE_MODULES = YES;
				CLANG_ENABLE_OBJC_ARC = YES;
				CLANG_ENABLE_OBJC_WEAK = YES;
				CLANG_WARN_BLOCK_CAPTURE_AUTORELEASING = YES;
				CLANG_WARN_BOOL_CONVERSION = YES;
				CLANG_WARN_COMMA = YES;
				CLANG_WARN_CONSTANT_CONVERSION = YES;
				CLANG_WARN_DEPRECATED_OBJC_IMPLEMENTATIONS = YES;
				CLANG_WARN_DIRECT_OBJC_ISA_USAGE = YES_ERROR;
				CLANG_WARN_DOCUMENTATION_COMMENTS = YES;
				CLANG_WARN_EMPTY_BODY = YES;
				CLANG_WARN_ENUM_CONVERSION = YES;
				CLANG_WARN_INFINITE_RECURSION = YES;
				CLANG_WARN_INT_CONVERSION = YES;
				CLANG_WARN_NON_LITERAL_NULL_CONVERSION = YES;
				CLANG_WARN_OBJC_IMPLICIT_RETAIN_SELF = YES;
				CLANG_WARN_OBJC_LITERAL_CONVERSION = YES;
				CLANG_WARN_OBJC_ROOT_CLASS = YES_ERROR;
				CLANG_WARN_QUOTED_INCLUDE_IN_FRAMEWORK_HEADER = YES;
				CLANG_WARN_RANGE_LOOP_ANALYSIS = YES;
				CLANG_WARN_STRICT_PROTOTYPES = YES;
				CLANG_WARN_SUSPICIOUS_MOVE = YES;
				CLANG_WARN_UNGUARDED_AVAILABILITY = YES_AGGRESSIVE;
				CLANG_WARN_UNREACHABLE_CODE = YES;
				CLANG_WARN__DUPLICATE_METHOD_MATCH = YES;
				COPY_PHASE_STRIP = NO;
				DEBUG_INFORMATION_FORMAT = "dwarf-with-dsym";
				ENABLE_NS_ASSERTIONS = NO;
				ENABLE_STRICT_OBJC_MSGSEND = YES;
				GCC_C_LANGUAGE_STANDARD = gnu11;
				GCC_NO_COMMON_BLOCKS = YES;
				GCC_WARN_64_TO_32_BIT_CONVERSION = YES;
				GCC_WARN_ABOUT_RETURN_TYPE = YES_ERROR;
				GCC_WARN_UNDECLARED_SELECTOR = YES;
				GCC_WARN_UNINITIALIZED_AUTOS = YES_AGGRESSIVE;
				GCC_WARN_UNUSED_FUNCTION = YES;
				GCC_WARN_UNUSED_VARIABLE = YES;
				IPHONEOS_DEPLOYMENT_TARGET = 13.0;
				MTL_ENABLE_DEBUG_INFO = NO;
				MTL_FAST_MATH = YES;
				SDKROOT = iphoneos;
				SWIFT_COMPILATION_MODE = wholemodule;
				SWIFT_OPTIMIZATION_LEVEL = "-O";
				VALIDATE_PRODUCT = YES;
			};
			name = Release;
		};
		5841D3CC2919077F00AEA726 /* Debug */ = {
			isa = XCBuildConfiguration;
			buildSettings = {
				ASSETCATALOG_COMPILER_APPICON_NAME = AppIcon;
				ASSETCATALOG_COMPILER_GLOBAL_ACCENT_COLOR_NAME = AccentColor;
				CODE_SIGN_STYLE = Automatic;
				CURRENT_PROJECT_VERSION = 1;
				DEVELOPMENT_TEAM = JLHRL3S43P;
				GENERATE_INFOPLIST_FILE = YES;
				INFOPLIST_FILE = VideoStream/Info.plist;
				INFOPLIST_KEY_LSApplicationCategoryType = "";
				INFOPLIST_KEY_NSPhotoLibraryUsageDescription = "Please allow access to camera";
				INFOPLIST_KEY_UIApplicationSupportsIndirectInputEvents = YES;
				INFOPLIST_KEY_UILaunchStoryboardName = LaunchScreen;
				INFOPLIST_KEY_UISupportedInterfaceOrientations_iPad = "UIInterfaceOrientationPortrait UIInterfaceOrientationPortraitUpsideDown UIInterfaceOrientationLandscapeLeft UIInterfaceOrientationLandscapeRight";
				INFOPLIST_KEY_UISupportedInterfaceOrientations_iPhone = "UIInterfaceOrientationPortrait UIInterfaceOrientationLandscapeLeft UIInterfaceOrientationLandscapeRight";
				IPHONEOS_DEPLOYMENT_TARGET = 13.0;
				LD_RUNPATH_SEARCH_PATHS = (
					"$(inherited)",
					"@executable_path/Frameworks",
				);
				MARKETING_VERSION = 1.0;
				PRODUCT_BUNDLE_IDENTIFIER = io.blinqpay.blinqpost;
				PRODUCT_NAME = "$(TARGET_NAME)";
				SWIFT_EMIT_LOC_STRINGS = YES;
				SWIFT_VERSION = 5.0;
				TARGETED_DEVICE_FAMILY = "1,2";
			};
			name = Debug;
		};
		5841D3CD2919077F00AEA726 /* Release */ = {
			isa = XCBuildConfiguration;
			buildSettings = {
				ASSETCATALOG_COMPILER_APPICON_NAME = AppIcon;
				ASSETCATALOG_COMPILER_GLOBAL_ACCENT_COLOR_NAME = AccentColor;
				CODE_SIGN_STYLE = Automatic;
				CURRENT_PROJECT_VERSION = 1;
				DEVELOPMENT_TEAM = JLHRL3S43P;
				GENERATE_INFOPLIST_FILE = YES;
				INFOPLIST_FILE = VideoStream/Info.plist;
				INFOPLIST_KEY_LSApplicationCategoryType = "";
				INFOPLIST_KEY_NSPhotoLibraryUsageDescription = "Please allow access to camera";
				INFOPLIST_KEY_UIApplicationSupportsIndirectInputEvents = YES;
				INFOPLIST_KEY_UILaunchStoryboardName = LaunchScreen;
				INFOPLIST_KEY_UISupportedInterfaceOrientations_iPad = "UIInterfaceOrientationPortrait UIInterfaceOrientationPortraitUpsideDown UIInterfaceOrientationLandscapeLeft UIInterfaceOrientationLandscapeRight";
				INFOPLIST_KEY_UISupportedInterfaceOrientations_iPhone = "UIInterfaceOrientationPortrait UIInterfaceOrientationLandscapeLeft UIInterfaceOrientationLandscapeRight";
				IPHONEOS_DEPLOYMENT_TARGET = 13.0;
				LD_RUNPATH_SEARCH_PATHS = (
					"$(inherited)",
					"@executable_path/Frameworks",
				);
				MARKETING_VERSION = 1.0;
				PRODUCT_BUNDLE_IDENTIFIER = io.blinqpay.blinqpost;
				PRODUCT_NAME = "$(TARGET_NAME)";
				SWIFT_EMIT_LOC_STRINGS = YES;
				SWIFT_VERSION = 5.0;
				TARGETED_DEVICE_FAMILY = "1,2";
			};
			name = Release;
		};
/* End XCBuildConfiguration section */

/* Begin XCConfigurationList section */
		5841D3B22919077D00AEA726 /* Build configuration list for PBXProject "VideoStream" */ = {
			isa = XCConfigurationList;
			buildConfigurations = (
				5841D3C92919077F00AEA726 /* Debug */,
				5841D3CA2919077F00AEA726 /* Release */,
			);
			defaultConfigurationIsVisible = 0;
			defaultConfigurationName = Release;
		};
		5841D3CB2919077F00AEA726 /* Build configuration list for PBXNativeTarget "VideoStream" */ = {
			isa = XCConfigurationList;
			buildConfigurations = (
				5841D3CC2919077F00AEA726 /* Debug */,
				5841D3CD2919077F00AEA726 /* Release */,
			);
			defaultConfigurationIsVisible = 0;
			defaultConfigurationName = Release;
		};
/* End XCConfigurationList section */

/* Begin XCRemoteSwiftPackageReference section */
		5887AF46291AF250003C75F7 /* XCRemoteSwiftPackageReference "firebase-ios-sdk" */ = {
			isa = XCRemoteSwiftPackageReference;
			repositoryURL = "https://github.com/firebase/firebase-ios-sdk.git";
			requirement = {
				branch = master;
				kind = branch;
			};
		};
		5887AF4F291BA74F003C75F7 /* XCRemoteSwiftPackageReference "SDWebImage" */ = {
			isa = XCRemoteSwiftPackageReference;
			repositoryURL = "https://github.com/SDWebImage/SDWebImage";
			requirement = {
				branch = master;
				kind = branch;
			};
		};
		5887AF65291C1909003C75F7 /* XCRemoteSwiftPackageReference "SnapKit" */ = {
			isa = XCRemoteSwiftPackageReference;
			repositoryURL = "https://github.com/SnapKit/SnapKit";
			requirement = {
				branch = develop;
				kind = branch;
			};
		};
		58998D6C291E0FAC00C532B0 /* XCRemoteSwiftPackageReference "ProgressHUD" */ = {
			isa = XCRemoteSwiftPackageReference;
			repositoryURL = "https://github.com/relatedcode/ProgressHUD";
			requirement = {
				kind = upToNextMajorVersion;
				minimumVersion = 13.0.0;
			};
		};
		58AF1E4D291D4FE100B54C69 /* XCRemoteSwiftPackageReference "IQKeyboardManager" */ = {
			isa = XCRemoteSwiftPackageReference;
			repositoryURL = "https://github.com/hackiftekhar/IQKeyboardManager";
			requirement = {
				branch = master;
				kind = branch;
			};
		};
		58AF1E53291DC8B100B54C69 /* XCRemoteSwiftPackageReference "realm-swift" */ = {
			isa = XCRemoteSwiftPackageReference;
			repositoryURL = "https://github.com/realm/realm-swift";
			requirement = {
				branch = master;
				kind = branch;
			};
		};
/* End XCRemoteSwiftPackageReference section */

/* Begin XCSwiftPackageProductDependency section */
		5887AF47291AF250003C75F7 /* FirebaseAnalytics */ = {
			isa = XCSwiftPackageProductDependency;
			package = 5887AF46291AF250003C75F7 /* XCRemoteSwiftPackageReference "firebase-ios-sdk" */;
			productName = FirebaseAnalytics;
		};
		5887AF49291AF250003C75F7 /* FirebaseDatabase */ = {
			isa = XCSwiftPackageProductDependency;
			package = 5887AF46291AF250003C75F7 /* XCRemoteSwiftPackageReference "firebase-ios-sdk" */;
			productName = FirebaseDatabase;
		};
		5887AF4B291AF250003C75F7 /* FirebaseFirestore */ = {
			isa = XCSwiftPackageProductDependency;
			package = 5887AF46291AF250003C75F7 /* XCRemoteSwiftPackageReference "firebase-ios-sdk" */;
			productName = FirebaseFirestore;
		};
		5887AF50291BA74F003C75F7 /* SDWebImage */ = {
			isa = XCSwiftPackageProductDependency;
			package = 5887AF4F291BA74F003C75F7 /* XCRemoteSwiftPackageReference "SDWebImage" */;
			productName = SDWebImage;
		};
		5887AF66291C1909003C75F7 /* SnapKit */ = {
			isa = XCSwiftPackageProductDependency;
			package = 5887AF65291C1909003C75F7 /* XCRemoteSwiftPackageReference "SnapKit" */;
			productName = SnapKit;
		};
		58998D6D291E0FAC00C532B0 /* ProgressHUD */ = {
			isa = XCSwiftPackageProductDependency;
			package = 58998D6C291E0FAC00C532B0 /* XCRemoteSwiftPackageReference "ProgressHUD" */;
			productName = ProgressHUD;
		};
		58AF1E4E291D4FE100B54C69 /* IQKeyboardManagerSwift */ = {
			isa = XCSwiftPackageProductDependency;
			package = 58AF1E4D291D4FE100B54C69 /* XCRemoteSwiftPackageReference "IQKeyboardManager" */;
			productName = IQKeyboardManagerSwift;
		};
		58AF1E54291DC8B100B54C69 /* RealmSwift */ = {
			isa = XCSwiftPackageProductDependency;
			package = 58AF1E53291DC8B100B54C69 /* XCRemoteSwiftPackageReference "realm-swift" */;
			productName = RealmSwift;
		};
/* End XCSwiftPackageProductDependency section */
	};
	rootObject = 5841D3AF2919077D00AEA726 /* Project object */;
}
